
Microsoft Visual Studio Solution File, Format Version 12.00
# Visual Studio Version 17
VisualStudioVersion = 17.3.32929.385
MinimumVisualStudioVersion = 10.0.40219.1
Project("{FAE04EC0-301F-11D3-BF4B-00C04F79EFBC}") = "prakticheskaya4", "prakticheskaya4\prakticheskaya4.csproj", "{03F3538C-63C3-4257-853A-9763F809E1F4}"
EndProject
Global
	GlobalSection(SolutionConfigurationPlatforms) = preSolution
		Debug|Any CPU = Debug|Any CPU
		Release|Any CPU = Release|Any CPU
	EndGlobalSection
	GlobalSection(ProjectConfigurationPlatforms) = postSolution
		{03F3538C-63C3-4257-853A-9763F809E1F4}.Debug|Any CPU.ActiveCfg = Debug|Any CPU
		{03F3538C-63C3-4257-853A-9763F809E1F4}.Debug|Any CPU.Build.0 = Debug|Any CPU
		{03F3538C-63C3-4257-853A-9763F809E1F4}.Release|Any CPU.ActiveCfg = Release|Any CPU
		{03F3538C-63C3-4257-853A-9763F809E1F4}.Release|Any CPU.Build.0 = Release|Any CPU
	EndGlobalSection
	GlobalSection(SolutionProperties) = preSolution
		HideSolutionNode = FALSE
	EndGlobalSection
	GlobalSection(ExtensibilityGlobals) = postSolution
		SolutionGuid = {C23971D4-2E0E-4F56-971A-57FDA208B245}
	EndGlobalSection
EndGlobal
